
Microsoft Visual Studio Solution File, Format Version 12.00
Project("{FAE04EC0-301F-11D3-BF4B-00C04F79EFBC}") = "asp-net-core-jwt-example", "asp-net-core-jwt-example\asp-net-core-jwt-example.csproj", "{AF22F912-36B1-45F2-9217-B39B5771968A}"
EndProject
Global
	GlobalSection(SolutionConfigurationPlatforms) = preSolution
		Debug|Any CPU = Debug|Any CPU
		Release|Any CPU = Release|Any CPU
	EndGlobalSection
	GlobalSection(ProjectConfigurationPlatforms) = postSolution
		{AF22F912-36B1-45F2-9217-B39B5771968A}.Debug|Any CPU.ActiveCfg = Debug|Any CPU
		{AF22F912-36B1-45F2-9217-B39B5771968A}.Debug|Any CPU.Build.0 = Debug|Any CPU
		{AF22F912-36B1-45F2-9217-B39B5771968A}.Release|Any CPU.ActiveCfg = Release|Any CPU
		{AF22F912-36B1-45F2-9217-B39B5771968A}.Release|Any CPU.Build.0 = Release|Any CPU
	EndGlobalSection
EndGlobal
